
Microsoft Visual Studio Solution File, Format Version 12.00
# Visual Studio Version 17
VisualStudioVersion = 17.0.32112.339
MinimumVisualStudioVersion = 10.0.40219.1
Project("{FAE04EC0-301F-11D3-BF4B-00C04F79EFBC}") = "Bilet", "Bilet\Bilet.csproj", "{0EAAE024-D456-4067-A8E5-B50F578CDA66}"
EndProject
Global
	GlobalSection(SolutionConfigurationPlatforms) = preSolution
		Debug|Any CPU = Debug|Any CPU
		Release|Any CPU = Release|Any CPU
	EndGlobalSection
	GlobalSection(ProjectConfigurationPlatforms) = postSolution
		{0EAAE024-D456-4067-A8E5-B50F578CDA66}.Debug|Any CPU.ActiveCfg = Debug|Any CPU
		{0EAAE024-D456-4067-A8E5-B50F578CDA66}.Debug|Any CPU.Build.0 = Debug|Any CPU
		{0EAAE024-D456-4067-A8E5-B50F578CDA66}.Release|Any CPU.ActiveCfg = Release|Any CPU
		{0EAAE024-D456-4067-A8E5-B50F578CDA66}.Release|Any CPU.Build.0 = Release|Any CPU
	EndGlobalSection
	GlobalSection(SolutionProperties) = preSolution
		HideSolutionNode = FALSE
	EndGlobalSection
	GlobalSection(ExtensibilityGlobals) = postSolution
		SolutionGuid = {F7C0ABBB-8D7F-4BFA-BB67-2AD60B2F69EF}
	EndGlobalSection
EndGlobal
